// !$*UTF8*$!
{
	archiveVersion = 1;
	classes = {
	};
	objectVersion = 46;
	objects = {

/* Begin PBXBuildFile section */
		D87C3C391D28AA670055A46B /* AppDelegate.m in Sources */ = {isa = PBXBuildFile; fileRef = D87C3C381D28AA670055A46B /* AppDelegate.m */; };
		D87C3C3B1D28AA670055A46B /* main.m in Sources */ = {isa = PBXBuildFile; fileRef = D87C3C3A1D28AA670055A46B /* main.m */; };
		D87C3C3D1D28AA670055A46B /* Images.xcassets in Resources */ = {isa = PBXBuildFile; fileRef = D87C3C3C1D28AA670055A46B /* Images.xcassets */; };
		D87C3C401D28AA680055A46B /* MainMenu.xib in Resources */ = {isa = PBXBuildFile; fileRef = D87C3C3E1D28AA680055A46B /* MainMenu.xib */; };
		D87C3C4C1D28AA680055A46B /* pge_launcherTests.m in Sources */ = {isa = PBXBuildFile; fileRef = D87C3C4B1D28AA680055A46B /* pge_launcherTests.m */; };
/* End PBXBuildFile section */

/* Begin PBXContainerItemProxy section */
		D87C3C461D28AA680055A46B /* PBXContainerItemProxy */ = {
			isa = PBXContainerItemProxy;
			containerPortal = D87C3C2A1D28AA670055A46B /* Project object */;
			proxyType = 1;
			remoteGlobalIDString = D87C3C311D28AA670055A46B;
			remoteInfo = "pge-launcher";
		};
/* End PBXContainerItemProxy section */

/* Begin PBXFileReference section */
		D87C3C321D28AA670055A46B /* pge-launcher.app */ = {isa = PBXFileReference; explicitFileType = wrapper.application; includeInIndex = 0; path = "pge-launcher.app"; sourceTree = BUILT_PRODUCTS_DIR; };
		D87C3C361D28AA670055A46B /* Info.plist */ = {isa = PBXFileReference; lastKnownFileType = text.plist.xml; path = Info.plist; sourceTree = "<group>"; };
		D87C3C371D28AA670055A46B /* AppDelegate.h */ = {isa = PBXFileReference; lastKnownFileType = sourcecode.c.h; path = AppDelegate.h; sourceTree = "<group>"; };
		D87C3C381D28AA670055A46B /* AppDelegate.m */ = {isa = PBXFileReference; lastKnownFileType = sourcecode.c.objc; path = AppDelegate.m; sourceTree = "<group>"; };
		D87C3C3A1D28AA670055A46B /* main.m */ = {isa = PBXFileReference; lastKnownFileType = sourcecode.c.objc; path = main.m; sourceTree = "<group>"; };
		D87C3C3C1D28AA670055A46B /* Images.xcassets */ = {isa = PBXFileReference; lastKnownFileType = folder.assetcatalog; path = Images.xcassets; sourceTree = "<group>"; };
		D87C3C3F1D28AA680055A46B /* Base */ = {isa = PBXFileReference; lastKnownFileType = file.xib; name = Base; path = Base.lproj/MainMenu.xib; sourceTree = "<group>"; };
		D87C3C451D28AA680055A46B /* pge-launcherTests.xctest */ = {isa = PBXFileReference; explicitFileType = wrapper.cfbundle; includeInIndex = 0; path = "pge-launcherTests.xctest"; sourceTree = BUILT_PRODUCTS_DIR; };
		D87C3C4A1D28AA680055A46B /* Info.plist */ = {isa = PBXFileReference; lastKnownFileType = text.plist.xml; path = Info.plist; sourceTree = "<group>"; };
		D87C3C4B1D28AA680055A46B /* pge_launcherTests.m */ = {isa = PBXFileReference; lastKnownFileType = sourcecode.c.objc; path = pge_launcherTests.m; sourceTree = "<group>"; };
/* End PBXFileReference section */

/* Begin PBXFrameworksBuildPhase section */
		D87C3C2F1D28AA670055A46B /* Frameworks */ = {
			isa = PBXFrameworksBuildPhase;
			buildActionMask = 2147483647;
			files = (
			);
			runOnlyForDeploymentPostprocessing = 0;
		};
		D87C3C421D28AA680055A46B /* Frameworks */ = {
			isa = PBXFrameworksBuildPhase;
			buildActionMask = 2147483647;
			files = (
			);
			runOnlyForDeploymentPostprocessing = 0;
		};
/* End PBXFrameworksBuildPhase section */

/* Begin PBXGroup section */
		D87C3C291D28AA670055A46B = {
			isa = PBXGroup;
			children = (
				D87C3C341D28AA670055A46B /* pge-launcher */,
				D87C3C481D28AA680055A46B /* pge-launcherTests */,
				D87C3C331D28AA670055A46B /* Products */,
			);
			sourceTree = "<group>";
		};
		D87C3C331D28AA670055A46B /* Products */ = {
			isa = PBXGroup;
			children = (
				D87C3C321D28AA670055A46B /* pge-launcher.app */,
				D87C3C451D28AA680055A46B /* pge-launcherTests.xctest */,
			);
			name = Products;
			sourceTree = "<group>";
		};
		D87C3C341D28AA670055A46B /* pge-launcher */ = {
			isa = PBXGroup;
			children = (
				D87C3C371D28AA670055A46B /* AppDelegate.h */,
				D87C3C381D28AA670055A46B /* AppDelegate.m */,
				D87C3C3C1D28AA670055A46B /* Images.xcassets */,
				D87C3C3E1D28AA680055A46B /* MainMenu.xib */,
				D87C3C351D28AA670055A46B /* Supporting Files */,
			);
			path = "pge-launcher";
			sourceTree = "<group>";
		};
		D87C3C351D28AA670055A46B /* Supporting Files */ = {
			isa = PBXGroup;
			children = (
				D87C3C361D28AA670055A46B /* Info.plist */,
				D87C3C3A1D28AA670055A46B /* main.m */,
			);
			name = "Supporting Files";
			sourceTree = "<group>";
		};
		D87C3C481D28AA680055A46B /* pge-launcherTests */ = {
			isa = PBXGroup;
			children = (
				D87C3C4B1D28AA680055A46B /* pge_launcherTests.m */,
				D87C3C491D28AA680055A46B /* Supporting Files */,
			);
			path = "pge-launcherTests";
			sourceTree = "<group>";
		};
		D87C3C491D28AA680055A46B /* Supporting Files */ = {
			isa = PBXGroup;
			children = (
				D87C3C4A1D28AA680055A46B /* Info.plist */,
			);
			name = "Supporting Files";
			sourceTree = "<group>";
		};
/* End PBXGroup section */

/* Begin PBXNativeTarget section */
		D87C3C311D28AA670055A46B /* pge-launcher */ = {
			isa = PBXNativeTarget;
			buildConfigurationList = D87C3C4F1D28AA680055A46B /* Build configuration list for PBXNativeTarget "pge-launcher" */;
			buildPhases = (
				D87C3C2E1D28AA670055A46B /* Sources */,
				D87C3C2F1D28AA670055A46B /* Frameworks */,
				D87C3C301D28AA670055A46B /* Resources */,
			);
			buildRules = (
			);
			dependencies = (
			);
			name = "pge-launcher";
			productName = "pge-launcher";
			productReference = D87C3C321D28AA670055A46B /* pge-launcher.app */;
			productType = "com.apple.product-type.application";
		};
		D87C3C441D28AA680055A46B /* pge-launcherTests */ = {
			isa = PBXNativeTarget;
			buildConfigurationList = D87C3C521D28AA680055A46B /* Build configuration list for PBXNativeTarget "pge-launcherTests" */;
			buildPhases = (
				D87C3C411D28AA680055A46B /* Sources */,
				D87C3C421D28AA680055A46B /* Frameworks */,
				D87C3C431D28AA680055A46B /* Resources */,
			);
			buildRules = (
			);
			dependencies = (
				D87C3C471D28AA680055A46B /* PBXTargetDependency */,
			);
			name = "pge-launcherTests";
			productName = "pge-launcherTests";
			productReference = D87C3C451D28AA680055A46B /* pge-launcherTests.xctest */;
			productType = "com.apple.product-type.bundle.unit-test";
		};
/* End PBXNativeTarget section */

/* Begin PBXProject section */
		D87C3C2A1D28AA670055A46B /* Project object */ = {
			isa = PBXProject;
			attributes = {
				LastUpgradeCheck = 0620;
				ORGANIZATIONNAME = "Wohlhabend Network";
				TargetAttributes = {
					D87C3C311D28AA670055A46B = {
						CreatedOnToolsVersion = 6.2;
					};
					D87C3C441D28AA680055A46B = {
						CreatedOnToolsVersion = 6.2;
						TestTargetID = D87C3C311D28AA670055A46B;
					};
				};
			};
			buildConfigurationList = D87C3C2D1D28AA670055A46B /* Build configuration list for PBXProject "pge-launcher" */;
			compatibilityVersion = "Xcode 3.2";
			developmentRegion = English;
			hasScannedForEncodings = 0;
			knownRegions = (
				en,
				Base,
			);
			mainGroup = D87C3C291D28AA670055A46B;
			productRefGroup = D87C3C331D28AA670055A46B /* Products */;
			projectDirPath = "";
			projectRoot = "";
			targets = (
				D87C3C311D28AA670055A46B /* pge-launcher */,
				D87C3C441D28AA680055A46B /* pge-launcherTests */,
			);
		};
/* End PBXProject section */

/* Begin PBXResourcesBuildPhase section */
		D87C3C301D28AA670055A46B /* Resources */ = {
			isa = PBXResourcesBuildPhase;
			buildActionMask = 2147483647;
			files = (
				D87C3C3D1D28AA670055A46B /* Images.xcassets in Resources */,
				D87C3C401D28AA680055A46B /* MainMenu.xib in Resources */,
			);
			runOnlyForDeploymentPostprocessing = 0;
		};
		D87C3C431D28AA680055A46B /* Resources */ = {
			isa = PBXResourcesBuildPhase;
			buildActionMask = 2147483647;
			files = (
			);
			runOnlyForDeploymentPostprocessing = 0;
		};
/* End PBXResourcesBuildPhase section */

/* Begin PBXSourcesBuildPhase section */
		D87C3C2E1D28AA670055A46B /* Sources */ = {
			isa = PBXSourcesBuildPhase;
			buildActionMask = 2147483647;
			files = (
				D87C3C3B1D28AA670055A46B /* main.m in Sources */,
				D87C3C391D28AA670055A46B /* AppDelegate.m in Sources */,
			);
			runOnlyForDeploymentPostprocessing = 0;
		};
		D87C3C411D28AA680055A46B /* Sources */ = {
			isa = PBXSourcesBuildPhase;
			buildActionMask = 2147483647;
			files = (
				D87C3C4C1D28AA680055A46B /* pge_launcherTests.m in Sources */,
			);
			runOnlyForDeploymentPostprocessing = 0;
		};
/* End PBXSourcesBuildPhase section */

/* Begin PBXTargetDependency section */
		D87C3C471D28AA680055A46B /* PBXTargetDependency */ = {
			isa = PBXTargetDependency;
			target = D87C3C311D28AA670055A46B /* pge-launcher */;
			targetProxy = D87C3C461D28AA680055A46B /* PBXContainerItemProxy */;
		};
/* End PBXTargetDependency section */

/* Begin PBXVariantGroup section */
		D87C3C3E1D28AA680055A46B /* MainMenu.xib */ = {
			isa = PBXVariantGroup;
			children = (
				D87C3C3F1D28AA680055A46B /* Base */,
			);
			name = MainMenu.xib;
			sourceTree = "<group>";
		};
/* End PBXVariantGroup section */

/* Begin XCBuildConfiguration section */
		D87C3C4D1D28AA680055A46B /* Debug */ = {
			isa = XCBuildConfiguration;
			buildSettings = {
				ALWAYS_SEARCH_USER_PATHS = NO;
				CLANG_CXX_LANGUAGE_STANDARD = "gnu++0x";
				CLANG_CXX_LIBRARY = "libc++";
				CLANG_ENABLE_MODULES = YES;
				CLANG_ENABLE_OBJC_ARC = YES;
				CLANG_WARN_BOOL_CONVERSION = YES;
				CLANG_WARN_CONSTANT_CONVERSION = YES;
				CLANG_WARN_DIRECT_OBJC_ISA_USAGE = YES_ERROR;
				CLANG_WARN_EMPTY_BODY = YES;
				CLANG_WARN_ENUM_CONVERSION = YES;
				CLANG_WARN_INT_CONVERSION = YES;
				CLANG_WARN_OBJC_ROOT_CLASS = YES_ERROR;
				CLANG_WARN_UNREACHABLE_CODE = YES;
				CLANG_WARN__DUPLICATE_METHOD_MATCH = YES;
				CODE_SIGN_IDENTITY = "-";
				COPY_PHASE_STRIP = NO;
				ENABLE_STRICT_OBJC_MSGSEND = YES;
				GCC_C_LANGUAGE_STANDARD = gnu99;
				GCC_DYNAMIC_NO_PIC = NO;
				GCC_OPTIMIZATION_LEVEL = 0;
				GCC_PREPROCESSOR_DEFINITIONS = (
					"DEBUG=1",
					"$(inherited)",
				);
				GCC_SYMBOLS_PRIVATE_EXTERN = NO;
				GCC_WARN_64_TO_32_BIT_CONVERSION = YES;
				GCC_WARN_ABOUT_RETURN_TYPE = YES_ERROR;
				GCC_WARN_UNDECLARED_SELECTOR = YES;
				GCC_WARN_UNINITIALIZED_AUTOS = YES_AGGRESSIVE;
				GCC_WARN_UNUSED_FUNCTION = YES;
				GCC_WARN_UNUSED_VARIABLE = YES;
				MACOSX_DEPLOYMENT_TARGET = 10.9;
				MTL_ENABLE_DEBUG_INFO = YES;
				ONLY_ACTIVE_ARCH = YES;
				SDKROOT = macosx;
			};
			name = Debug;
		};
		D87C3C4E1D28AA680055A46B /* Release */ = {
			isa = XCBuildConfiguration;
			buildSettings = {
				ALWAYS_SEARCH_USER_PATHS = NO;
				CLANG_CXX_LANGUAGE_STANDARD = "gnu++0x";
				CLANG_CXX_LIBRARY = "libc++";
				CLANG_ENABLE_MODULES = YES;
				CLANG_ENABLE_OBJC_ARC = YES;
				CLANG_WARN_BOOL_CONVERSION = YES;
				CLANG_WARN_CONSTANT_CONVERSION = YES;
				CLANG_WARN_DIRECT_OBJC_ISA_USAGE = YES_ERROR;
				CLANG_WARN_EMPTY_BODY = YES;
				CLANG_WARN_ENUM_CONVERSION = YES;
				CLANG_WARN_INT_CONVERSION = YES;
				CLANG_WARN_OBJC_ROOT_CLASS = YES_ERROR;
				CLANG_WARN_UNREACHABLE_CODE = YES;
				CLANG_WARN__DUPLICATE_METHOD_MATCH = YES;
				CODE_SIGN_IDENTITY = "-";
				COPY_PHASE_STRIP = NO;
				DEBUG_INFORMATION_FORMAT = "dwarf-with-dsym";
				ENABLE_NS_ASSERTIONS = NO;
				ENABLE_STRICT_OBJC_MSGSEND = YES;
				GCC_C_LANGUAGE_STANDARD = gnu99;
				GCC_WARN_64_TO_32_BIT_CONVERSION = YES;
				GCC_WARN_ABOUT_RETURN_TYPE = YES_ERROR;
				GCC_WARN_UNDECLARED_SELECTOR = YES;
				GCC_WARN_UNINITIALIZED_AUTOS = YES_AGGRESSIVE;
				GCC_WARN_UNUSED_FUNCTION = YES;
				GCC_WARN_UNUSED_VARIABLE = YES;
				MACOSX_DEPLOYMENT_TARGET = 10.9;
				MTL_ENABLE_DEBUG_INFO = NO;
				SDKROOT = macosx;
			};
			name = Release;
		};
		D87C3C501D28AA680055A46B /* Debug */ = {
			isa = XCBuildConfiguration;
			buildSettings = {
				ASSETCATALOG_COMPILER_APPICON_NAME = AppIcon;
				COMBINE_HIDPI_IMAGES = YES;
				INFOPLIST_FILE = "pge-launcher/Info.plist";
				LD_RUNPATH_SEARCH_PATHS = "$(inherited) @executable_path/../Frameworks";
				PRODUCT_NAME = "$(TARGET_NAME)";
			};
			name = Debug;
		};
		D87C3C511D28AA680055A46B /* Release */ = {
			isa = XCBuildConfiguration;
			buildSettings = {
				ASSETCATALOG_COMPILER_APPICON_NAME = AppIcon;
				COMBINE_HIDPI_IMAGES = YES;
				INFOPLIST_FILE = "pge-launcher/Info.plist";
				LD_RUNPATH_SEARCH_PATHS = "$(inherited) @executable_path/../Frameworks";
				PRODUCT_NAME = "$(TARGET_NAME)";
			};
			name = Release;
		};
		D87C3C531D28AA680055A46B /* Debug */ = {
			isa = XCBuildConfiguration;
			buildSettings = {
				BUNDLE_LOADER = "$(TEST_HOST)";
				COMBINE_HIDPI_IMAGES = YES;
				FRAMEWORK_SEARCH_PATHS = (
					"$(DEVELOPER_FRAMEWORKS_DIR)",
					"$(inherited)",
				);
				GCC_PREPROCESSOR_DEFINITIONS = (
					"DEBUG=1",
					"$(inherited)",
				);
				INFOPLIST_FILE = "pge-launcherTests/Info.plist";
				LD_RUNPATH_SEARCH_PATHS = "$(inherited) @executable_path/../Frameworks @loader_path/../Frameworks";
				PRODUCT_NAME = "$(TARGET_NAME)";
				TEST_HOST = "$(BUILT_PRODUCTS_DIR)/pge-launcher.app/Contents/MacOS/pge-launcher";
			};
			name = Debug;
		};
		D87C3C541D28AA680055A46B /* Release */ = {
			isa = XCBuildConfiguration;
			buildSettings = {
				BUNDLE_LOADER = "$(TEST_HOST)";
				COMBINE_HIDPI_IMAGES = YES;
				FRAMEWORK_SEARCH_PATHS = (
					"$(DEVELOPER_FRAMEWORKS_DIR)",
					"$(inherited)",
				);
				INFOPLIST_FILE = "pge-launcherTests/Info.plist";
				LD_RUNPATH_SEARCH_PATHS = "$(inherited) @executable_path/../Frameworks @loader_path/../Frameworks";
				PRODUCT_NAME = "$(TARGET_NAME)";
				TEST_HOST = "$(BUILT_PRODUCTS_DIR)/pge-launcher.app/Contents/MacOS/pge-launcher";
			};
			name = Release;
		};
/* End XCBuildConfiguration section */

/* Begin XCConfigurationList section */
		D87C3C2D1D28AA670055A46B /* Build configuration list for PBXProject "pge-launcher" */ = {
			isa = XCConfigurationList;
			buildConfigurations = (
				D87C3C4D1D28AA680055A46B /* Debug */,
				D87C3C4E1D28AA680055A46B /* Release */,
			);
			defaultConfigurationIsVisible = 0;
			defaultConfigurationName = Release;
		};
		D87C3C4F1D28AA680055A46B /* Build configuration list for PBXNativeTarget "pge-launcher" */ = {
			isa = XCConfigurationList;
			buildConfigurations = (
				D87C3C501D28AA680055A46B /* Debug */,
				D87C3C511D28AA680055A46B /* Release */,
			);
			defaultConfigurationIsVisible = 0;
			defaultConfigurationName = Release;
		};
		D87C3C521D28AA680055A46B /* Build configuration list for PBXNativeTarget "pge-launcherTests" */ = {
			isa = XCConfigurationList;
			buildConfigurations = (
				D87C3C531D28AA680055A46B /* Debug */,
				D87C3C541D28AA680055A46B /* Release */,
			);
			defaultConfigurationIsVisible = 0;
			defaultConfigurationName = Release;
		};
/* End XCConfigurationList section */
	};
	rootObject = D87C3C2A1D28AA670055A46B /* Project object */;
}
